
Microsoft Visual Studio Solution File, Format Version 12.00
# Visual Studio Version 17
VisualStudioVersion = 17.3.32825.248
MinimumVisualStudioVersion = 10.0.40219.1
Project("{FAE04EC0-301F-11D3-BF4B-00C04F79EFBC}") = "Simulacro", "Simulacro.csproj", "{EC348377-2138-401A-B9C4-89AAAB6AEEB0}"
EndProject
Global
	GlobalSection(SolutionConfigurationPlatforms) = preSolution
		Debug|Any CPU = Debug|Any CPU
		Release|Any CPU = Release|Any CPU
	EndGlobalSection
	GlobalSection(ProjectConfigurationPlatforms) = postSolution
		{EC348377-2138-401A-B9C4-89AAAB6AEEB0}.Debug|Any CPU.ActiveCfg = Debug|Any CPU
		{EC348377-2138-401A-B9C4-89AAAB6AEEB0}.Debug|Any CPU.Build.0 = Debug|Any CPU
		{EC348377-2138-401A-B9C4-89AAAB6AEEB0}.Release|Any CPU.ActiveCfg = Release|Any CPU
		{EC348377-2138-401A-B9C4-89AAAB6AEEB0}.Release|Any CPU.Build.0 = Release|Any CPU
	EndGlobalSection
	GlobalSection(SolutionProperties) = preSolution
		HideSolutionNode = FALSE
	EndGlobalSection
	GlobalSection(ExtensibilityGlobals) = postSolution
		SolutionGuid = {16675B7F-A593-4945-B383-F03001504854}
	EndGlobalSection
EndGlobal
