
Microsoft Visual Studio Solution File, Format Version 12.00
# Visual Studio Version 17
VisualStudioVersion = 17.3.32825.248
MinimumVisualStudioVersion = 10.0.40219.1
Project("{FAE04EC0-301F-11D3-BF4B-00C04F79EFBC}") = "WFExamen", "WFExamen.csproj", "{3E78BB9E-02C2-4B68-9FF7-8624F9A75E2D}"
EndProject
Global
	GlobalSection(SolutionConfigurationPlatforms) = preSolution
		Debug|Any CPU = Debug|Any CPU
		Release|Any CPU = Release|Any CPU
	EndGlobalSection
	GlobalSection(ProjectConfigurationPlatforms) = postSolution
		{3E78BB9E-02C2-4B68-9FF7-8624F9A75E2D}.Debug|Any CPU.ActiveCfg = Debug|Any CPU
		{3E78BB9E-02C2-4B68-9FF7-8624F9A75E2D}.Debug|Any CPU.Build.0 = Debug|Any CPU
		{3E78BB9E-02C2-4B68-9FF7-8624F9A75E2D}.Release|Any CPU.ActiveCfg = Release|Any CPU
		{3E78BB9E-02C2-4B68-9FF7-8624F9A75E2D}.Release|Any CPU.Build.0 = Release|Any CPU
	EndGlobalSection
	GlobalSection(SolutionProperties) = preSolution
		HideSolutionNode = FALSE
	EndGlobalSection
	GlobalSection(ExtensibilityGlobals) = postSolution
		SolutionGuid = {BED927A4-3342-4C00-B0B9-AE32B3E0327B}
	EndGlobalSection
EndGlobal
