
Microsoft Visual Studio Solution File, Format Version 12.00
# Visual Studio Version 17
VisualStudioVersion = 17.3.32825.248
MinimumVisualStudioVersion = 10.0.40219.1
Project("{FAE04EC0-301F-11D3-BF4B-00C04F79EFBC}") = "WPF_Pruebas3", "WPF_Pruebas3.csproj", "{3EB59D36-6616-4058-9D21-D6960FE7B9F7}"
EndProject
Global
	GlobalSection(SolutionConfigurationPlatforms) = preSolution
		Debug|Any CPU = Debug|Any CPU
		Release|Any CPU = Release|Any CPU
	EndGlobalSection
	GlobalSection(ProjectConfigurationPlatforms) = postSolution
		{3EB59D36-6616-4058-9D21-D6960FE7B9F7}.Debug|Any CPU.ActiveCfg = Debug|Any CPU
		{3EB59D36-6616-4058-9D21-D6960FE7B9F7}.Debug|Any CPU.Build.0 = Debug|Any CPU
		{3EB59D36-6616-4058-9D21-D6960FE7B9F7}.Release|Any CPU.ActiveCfg = Release|Any CPU
		{3EB59D36-6616-4058-9D21-D6960FE7B9F7}.Release|Any CPU.Build.0 = Release|Any CPU
	EndGlobalSection
	GlobalSection(SolutionProperties) = preSolution
		HideSolutionNode = FALSE
	EndGlobalSection
	GlobalSection(ExtensibilityGlobals) = postSolution
		SolutionGuid = {D4698690-DBD2-498E-9D9E-ABBF585C5888}
	EndGlobalSection
EndGlobal
